
Microsoft Visual Studio Solution File, Format Version 12.00
# Visual Studio Version 17
VisualStudioVersion = 17.0.31903.59
MinimumVisualStudioVersion = 10.0.40219.1
Project("{2150E333-8FDC-42A3-9474-1A3956D46DE8}") = "core", "core", "{7A84AEA0-0265-4353-BAB2-E7558202B531}"
EndProject
Project("{FAE04EC0-301F-11D3-BF4B-00C04F79EFBC}") = "AoC22.Core", "core\cs\AoC22.Core.csproj", "{D52B4249-0651-4652-8F95-74DBD68B4CEB}"
EndProject
Project("{2150E333-8FDC-42A3-9474-1A3956D46DE8}") = "utility", "utility", "{FE549CD4-861C-43F7-9BC4-5428CC18C82F}"
EndProject
Project("{FAE04EC0-301F-11D3-BF4B-00C04F79EFBC}") = "AoC22.Utility", "utility\cs\AoC22.Utility.csproj", "{6B6CF1F5-EEF4-4880-8CAF-1B889F7A9FE1}"
EndProject
Project("{FAE04EC0-301F-11D3-BF4B-00C04F79EFBC}") = "AoC22.Solutions", "solutions\AoC22.Solutions.csproj", "{83386739-79F1-4A02-BEDD-091F1A8B293C}"
EndProject
Global
	GlobalSection(SolutionConfigurationPlatforms) = preSolution
		Debug|Any CPU = Debug|Any CPU
		Release|Any CPU = Release|Any CPU
	EndGlobalSection
	GlobalSection(SolutionProperties) = preSolution
		HideSolutionNode = FALSE
	EndGlobalSection
	GlobalSection(ProjectConfigurationPlatforms) = postSolution
		{D52B4249-0651-4652-8F95-74DBD68B4CEB}.Debug|Any CPU.ActiveCfg = Debug|Any CPU
		{D52B4249-0651-4652-8F95-74DBD68B4CEB}.Debug|Any CPU.Build.0 = Debug|Any CPU
		{D52B4249-0651-4652-8F95-74DBD68B4CEB}.Release|Any CPU.ActiveCfg = Release|Any CPU
		{D52B4249-0651-4652-8F95-74DBD68B4CEB}.Release|Any CPU.Build.0 = Release|Any CPU
		{6B6CF1F5-EEF4-4880-8CAF-1B889F7A9FE1}.Debug|Any CPU.ActiveCfg = Debug|Any CPU
		{6B6CF1F5-EEF4-4880-8CAF-1B889F7A9FE1}.Debug|Any CPU.Build.0 = Debug|Any CPU
		{6B6CF1F5-EEF4-4880-8CAF-1B889F7A9FE1}.Release|Any CPU.ActiveCfg = Release|Any CPU
		{6B6CF1F5-EEF4-4880-8CAF-1B889F7A9FE1}.Release|Any CPU.Build.0 = Release|Any CPU
		{83386739-79F1-4A02-BEDD-091F1A8B293C}.Debug|Any CPU.ActiveCfg = Debug|Any CPU
		{83386739-79F1-4A02-BEDD-091F1A8B293C}.Debug|Any CPU.Build.0 = Debug|Any CPU
		{83386739-79F1-4A02-BEDD-091F1A8B293C}.Release|Any CPU.ActiveCfg = Release|Any CPU
		{83386739-79F1-4A02-BEDD-091F1A8B293C}.Release|Any CPU.Build.0 = Release|Any CPU
	EndGlobalSection
	GlobalSection(NestedProjects) = preSolution
		{D52B4249-0651-4652-8F95-74DBD68B4CEB} = {7A84AEA0-0265-4353-BAB2-E7558202B531}
		{6B6CF1F5-EEF4-4880-8CAF-1B889F7A9FE1} = {FE549CD4-861C-43F7-9BC4-5428CC18C82F}
	EndGlobalSection
EndGlobal
